
Microsoft Visual Studio Solution File, Format Version 12.00
# Visual Studio 15
VisualStudioVersion = 15.0.34320.172
MinimumVisualStudioVersion = 10.0.40219.1
Project("{9A19103F-16F7-4668-BE54-9A1E7A4F7556}") = "Digger", "Digger.csproj", "{D0849683-6312-4F3E-88B8-BDE31F2D4103}"
EndProject
Global
	GlobalSection(SolutionConfigurationPlatforms) = preSolution
		Debug|Any CPU = Debug|Any CPU
		Release|Any CPU = Release|Any CPU
	EndGlobalSection
	GlobalSection(ProjectConfigurationPlatforms) = postSolution
		{D0849683-6312-4F3E-88B8-BDE31F2D4103}.Debug|Any CPU.ActiveCfg = Debug|Any CPU
		{D0849683-6312-4F3E-88B8-BDE31F2D4103}.Debug|Any CPU.Build.0 = Debug|Any CPU
		{D0849683-6312-4F3E-88B8-BDE31F2D4103}.Release|Any CPU.ActiveCfg = Release|Any CPU
		{D0849683-6312-4F3E-88B8-BDE31F2D4103}.Release|Any CPU.Build.0 = Release|Any CPU
	EndGlobalSection
	GlobalSection(SolutionProperties) = preSolution
		HideSolutionNode = FALSE
	EndGlobalSection
	GlobalSection(ExtensibilityGlobals) = postSolution
		SolutionGuid = {58082BB0-64EB-4BBC-AADF-117B0EA65DC3}
	EndGlobalSection
EndGlobal
