
Microsoft Visual Studio Solution File, Format Version 12.00
# Visual Studio 15
VisualStudioVersion = 15.0.34320.172
MinimumVisualStudioVersion = 10.0.40219.1
Project("{9A19103F-16F7-4668-BE54-9A1E7A4F7556}") = "PocketGoogle", "PocketGoogle.csproj", "{CCC29193-A9CA-4574-8248-9240A0D2C89A}"
EndProject
Global
	GlobalSection(SolutionConfigurationPlatforms) = preSolution
		Debug|Any CPU = Debug|Any CPU
		Release|Any CPU = Release|Any CPU
	EndGlobalSection
	GlobalSection(ProjectConfigurationPlatforms) = postSolution
		{CCC29193-A9CA-4574-8248-9240A0D2C89A}.Debug|Any CPU.ActiveCfg = Debug|Any CPU
		{CCC29193-A9CA-4574-8248-9240A0D2C89A}.Debug|Any CPU.Build.0 = Debug|Any CPU
		{CCC29193-A9CA-4574-8248-9240A0D2C89A}.Release|Any CPU.ActiveCfg = Release|Any CPU
		{CCC29193-A9CA-4574-8248-9240A0D2C89A}.Release|Any CPU.Build.0 = Release|Any CPU
	EndGlobalSection
	GlobalSection(SolutionProperties) = preSolution
		HideSolutionNode = FALSE
	EndGlobalSection
	GlobalSection(ExtensibilityGlobals) = postSolution
		SolutionGuid = {509AEB18-CAE1-46D3-9DCD-EA7EE9D38FE5}
	EndGlobalSection
EndGlobal
